// !$*UTF8*$!
{
	archiveVersion = 1;
	classes = {
	};
	objectVersion = 56;
	objects = {

/* Begin PBXBuildFile section */
		665F5F7A2982172000E8863A /* AppDelegate.swift in Sources */ = {isa = PBXBuildFile; fileRef = 665F5F792982172000E8863A /* AppDelegate.swift */; };
		665F5F7C2982172000E8863A /* SceneDelegate.swift in Sources */ = {isa = PBXBuildFile; fileRef = 665F5F7B2982172000E8863A /* SceneDelegate.swift */; };
		665F5F832982172000E8863A /* Assets.xcassets in Resources */ = {isa = PBXBuildFile; fileRef = 665F5F822982172000E8863A /* Assets.xcassets */; };
		665F5F862982172000E8863A /* LaunchScreen.storyboard in Resources */ = {isa = PBXBuildFile; fileRef = 665F5F842982172000E8863A /* LaunchScreen.storyboard */; };
		665F5F8F29821D5B00E8863A /* app.plist in Resources */ = {isa = PBXBuildFile; fileRef = 665F5F8E29821D5B00E8863A /* app.plist */; };
		665F5F9229821DAE00E8863A /* UIFont.swift in Sources */ = {isa = PBXBuildFile; fileRef = 665F5F9129821DAE00E8863A /* UIFont.swift */; };
		665F5F9629821E2000E8863A /* AsyncImageView.swift in Sources */ = {isa = PBXBuildFile; fileRef = 665F5F9429821E1F00E8863A /* AsyncImageView.swift */; };
		665F5F9729821E2000E8863A /* ImageCache.swift in Sources */ = {isa = PBXBuildFile; fileRef = 665F5F9529821E2000E8863A /* ImageCache.swift */; };
		665F5F9A29821E7100E8863A /* NYTBooksAPI.swift in Sources */ = {isa = PBXBuildFile; fileRef = 665F5F9929821E7100E8863A /* NYTBooksAPI.swift */; };
		665F5FA329821EA900E8863A /* AttributeStackView.swift in Sources */ = {isa = PBXBuildFile; fileRef = 665F5F9D29821EA700E8863A /* AttributeStackView.swift */; };
		665F5FA429821EA900E8863A /* StoreButtonStackView.swift in Sources */ = {isa = PBXBuildFile; fileRef = 665F5F9E29821EA800E8863A /* StoreButtonStackView.swift */; };
		665F5FA529821EA900E8863A /* BookListHeaderView.swift in Sources */ = {isa = PBXBuildFile; fileRef = 665F5F9F29821EA800E8863A /* BookListHeaderView.swift */; };
		665F5FA629821EA900E8863A /* BookView.swift in Sources */ = {isa = PBXBuildFile; fileRef = 665F5FA029821EA800E8863A /* BookView.swift */; };
		665F5FA729821EA900E8863A /* GenreView.swift in Sources */ = {isa = PBXBuildFile; fileRef = 665F5FA129821EA800E8863A /* GenreView.swift */; };
		665F5FA829821EA900E8863A /* RankView.swift in Sources */ = {isa = PBXBuildFile; fileRef = 665F5FA229821EA800E8863A /* RankView.swift */; };
		665F5FAB29821EB900E8863A /* BooksViewModel.swift in Sources */ = {isa = PBXBuildFile; fileRef = 665F5FAA29821EB900E8863A /* BooksViewModel.swift */; };
		665F5FAF29821ECD00E8863A /* BooksViewController.swift in Sources */ = {isa = PBXBuildFile; fileRef = 665F5FAD29821ECD00E8863A /* BooksViewController.swift */; };
		665F5FB029821ECD00E8863A /* BookDetailViewController.swift in Sources */ = {isa = PBXBuildFile; fileRef = 665F5FAE29821ECD00E8863A /* BookDetailViewController.swift */; };
		665F5FB329821EE300E8863A /* BooksModel.swift in Sources */ = {isa = PBXBuildFile; fileRef = 665F5FB229821EE300E8863A /* BooksModel.swift */; };
		665F5FB529821EEF00E8863A /* BookNavigationViewController.swift in Sources */ = {isa = PBXBuildFile; fileRef = 665F5FB429821EEF00E8863A /* BookNavigationViewController.swift */; };
		665F5FB829827D9E00E8863A /* .gitignore in Resources */ = {isa = PBXBuildFile; fileRef = 665F5FB729827D9E00E8863A /* .gitignore */; };
		665F5FBA29827DDC00E8863A /* README.md in Resources */ = {isa = PBXBuildFile; fileRef = 665F5FB929827DDB00E8863A /* README.md */; };
		665F5FBC29827DED00E8863A /* screenshot.png in Resources */ = {isa = PBXBuildFile; fileRef = 665F5FBB29827DED00E8863A /* screenshot.png */; };
/* End PBXBuildFile section */

/* Begin PBXFileReference section */
		665F5F762982172000E8863A /* NYBest2.app */ = {isa = PBXFileReference; explicitFileType = wrapper.application; includeInIndex = 0; path = NYBest2.app; sourceTree = BUILT_PRODUCTS_DIR; };
		665F5F792982172000E8863A /* AppDelegate.swift */ = {isa = PBXFileReference; lastKnownFileType = sourcecode.swift; path = AppDelegate.swift; sourceTree = "<group>"; };
		665F5F7B2982172000E8863A /* SceneDelegate.swift */ = {isa = PBXFileReference; lastKnownFileType = sourcecode.swift; path = SceneDelegate.swift; sourceTree = "<group>"; };
		665F5F822982172000E8863A /* Assets.xcassets */ = {isa = PBXFileReference; lastKnownFileType = folder.assetcatalog; path = Assets.xcassets; sourceTree = "<group>"; };
		665F5F852982172000E8863A /* Base */ = {isa = PBXFileReference; lastKnownFileType = file.storyboard; name = Base; path = Base.lproj/LaunchScreen.storyboard; sourceTree = "<group>"; };
		665F5F872982172000E8863A /* Info.plist */ = {isa = PBXFileReference; lastKnownFileType = text.plist.xml; path = Info.plist; sourceTree = "<group>"; };
		665F5F8E29821D5B00E8863A /* app.plist */ = {isa = PBXFileReference; fileEncoding = 4; lastKnownFileType = text.plist.xml; path = app.plist; sourceTree = "<group>"; };
		665F5F9129821DAE00E8863A /* UIFont.swift */ = {isa = PBXFileReference; fileEncoding = 4; lastKnownFileType = sourcecode.swift; path = UIFont.swift; sourceTree = "<group>"; };
		665F5F9429821E1F00E8863A /* AsyncImageView.swift */ = {isa = PBXFileReference; fileEncoding = 4; lastKnownFileType = sourcecode.swift; path = AsyncImageView.swift; sourceTree = "<group>"; };
		665F5F9529821E2000E8863A /* ImageCache.swift */ = {isa = PBXFileReference; fileEncoding = 4; lastKnownFileType = sourcecode.swift; path = ImageCache.swift; sourceTree = "<group>"; };
		665F5F9929821E7100E8863A /* NYTBooksAPI.swift */ = {isa = PBXFileReference; fileEncoding = 4; lastKnownFileType = sourcecode.swift; path = NYTBooksAPI.swift; sourceTree = "<group>"; };
		665F5F9D29821EA700E8863A /* AttributeStackView.swift */ = {isa = PBXFileReference; fileEncoding = 4; lastKnownFileType = sourcecode.swift; path = AttributeStackView.swift; sourceTree = "<group>"; };
		665F5F9E29821EA800E8863A /* StoreButtonStackView.swift */ = {isa = PBXFileReference; fileEncoding = 4; lastKnownFileType = sourcecode.swift; path = StoreButtonStackView.swift; sourceTree = "<group>"; };
		665F5F9F29821EA800E8863A /* BookListHeaderView.swift */ = {isa = PBXFileReference; fileEncoding = 4; lastKnownFileType = sourcecode.swift; path = BookListHeaderView.swift; sourceTree = "<group>"; };
		665F5FA029821EA800E8863A /* BookView.swift */ = {isa = PBXFileReference; fileEncoding = 4; lastKnownFileType = sourcecode.swift; path = BookView.swift; sourceTree = "<group>"; };
		665F5FA129821EA800E8863A /* GenreView.swift */ = {isa = PBXFileReference; fileEncoding = 4; lastKnownFileType = sourcecode.swift; path = GenreView.swift; sourceTree = "<group>"; };
		665F5FA229821EA800E8863A /* RankView.swift */ = {isa = PBXFileReference; fileEncoding = 4; lastKnownFileType = sourcecode.swift; path = RankView.swift; sourceTree = "<group>"; };
		665F5FAA29821EB900E8863A /* BooksViewModel.swift */ = {isa = PBXFileReference; fileEncoding = 4; lastKnownFileType = sourcecode.swift; path = BooksViewModel.swift; sourceTree = "<group>"; };
		665F5FAD29821ECD00E8863A /* BooksViewController.swift */ = {isa = PBXFileReference; fileEncoding = 4; lastKnownFileType = sourcecode.swift; path = BooksViewController.swift; sourceTree = "<group>"; };
		665F5FAE29821ECD00E8863A /* BookDetailViewController.swift */ = {isa = PBXFileReference; fileEncoding = 4; lastKnownFileType = sourcecode.swift; path = BookDetailViewController.swift; sourceTree = "<group>"; };
		665F5FB229821EE300E8863A /* BooksModel.swift */ = {isa = PBXFileReference; fileEncoding = 4; lastKnownFileType = sourcecode.swift; path = BooksModel.swift; sourceTree = "<group>"; };
		665F5FB429821EEF00E8863A /* BookNavigationViewController.swift */ = {isa = PBXFileReference; fileEncoding = 4; lastKnownFileType = sourcecode.swift; path = BookNavigationViewController.swift; sourceTree = "<group>"; };
		665F5FB729827D9E00E8863A /* .gitignore */ = {isa = PBXFileReference; lastKnownFileType = text; path = .gitignore; sourceTree = "<group>"; };
		665F5FB929827DDB00E8863A /* README.md */ = {isa = PBXFileReference; fileEncoding = 4; lastKnownFileType = net.daringfireball.markdown; path = README.md; sourceTree = "<group>"; };
		665F5FBB29827DED00E8863A /* screenshot.png */ = {isa = PBXFileReference; lastKnownFileType = image.png; path = screenshot.png; sourceTree = "<group>"; };
/* End PBXFileReference section */

/* Begin PBXFrameworksBuildPhase section */
		665F5F732982172000E8863A /* Frameworks */ = {
			isa = PBXFrameworksBuildPhase;
			buildActionMask = 2147483647;
			files = (
			);
			runOnlyForDeploymentPostprocessing = 0;
		};
/* End PBXFrameworksBuildPhase section */

/* Begin PBXGroup section */
		665F5F6D2982172000E8863A = {
			isa = PBXGroup;
			children = (
				665F5FBD29827E0A00E8863A /* Screenshots */,
				665F5FB929827DDB00E8863A /* README.md */,
				665F5FB729827D9E00E8863A /* .gitignore */,
				665F5F782982172000E8863A /* NYBest2 */,
				665F5F772982172000E8863A /* Products */,
			);
			sourceTree = "<group>";
		};
		665F5F772982172000E8863A /* Products */ = {
			isa = PBXGroup;
			children = (
				665F5F762982172000E8863A /* NYBest2.app */,
			);
			name = Products;
			sourceTree = "<group>";
		};
		665F5F782982172000E8863A /* NYBest2 */ = {
			isa = PBXGroup;
			children = (
				665F5F9B29821E8100E8863A /* Features */,
				665F5F9829821E2700E8863A /* Service */,
				665F5F9329821DD000E8863A /* Common */,
				665F5F9029821D6B00E8863A /* Extensions */,
				665F5F8D29821D4D00E8863A /* Config */,
				665F5F792982172000E8863A /* AppDelegate.swift */,
				665F5F7B2982172000E8863A /* SceneDelegate.swift */,
				665F5F822982172000E8863A /* Assets.xcassets */,
				665F5F842982172000E8863A /* LaunchScreen.storyboard */,
				665F5F872982172000E8863A /* Info.plist */,
			);
			path = NYBest2;
			sourceTree = "<group>";
		};
		665F5F8D29821D4D00E8863A /* Config */ = {
			isa = PBXGroup;
			children = (
				665F5F8E29821D5B00E8863A /* app.plist */,
			);
			path = Config;
			sourceTree = "<group>";
		};
		665F5F9029821D6B00E8863A /* Extensions */ = {
			isa = PBXGroup;
			children = (
				665F5F9129821DAE00E8863A /* UIFont.swift */,
			);
			path = Extensions;
			sourceTree = "<group>";
		};
		665F5F9329821DD000E8863A /* Common */ = {
			isa = PBXGroup;
			children = (
				665F5F9429821E1F00E8863A /* AsyncImageView.swift */,
				665F5F9529821E2000E8863A /* ImageCache.swift */,
			);
			name = Common;
			sourceTree = "<group>";
		};
		665F5F9829821E2700E8863A /* Service */ = {
			isa = PBXGroup;
			children = (
				665F5F9929821E7100E8863A /* NYTBooksAPI.swift */,
			);
			name = Service;
			sourceTree = "<group>";
		};
		665F5F9B29821E8100E8863A /* Features */ = {
			isa = PBXGroup;
			children = (
				665F5FB429821EEF00E8863A /* BookNavigationViewController.swift */,
				665F5FB129821ED900E8863A /* Models */,
				665F5FAC29821EC300E8863A /* Scenes */,
				665F5FA929821EAC00E8863A /* ViewModels */,
				665F5F9C29821E9900E8863A /* Views */,
			);
			name = Features;
			sourceTree = "<group>";
		};
		665F5F9C29821E9900E8863A /* Views */ = {
			isa = PBXGroup;
			children = (
				665F5F9D29821EA700E8863A /* AttributeStackView.swift */,
				665F5F9F29821EA800E8863A /* BookListHeaderView.swift */,
				665F5FA029821EA800E8863A /* BookView.swift */,
				665F5FA129821EA800E8863A /* GenreView.swift */,
				665F5FA229821EA800E8863A /* RankView.swift */,
				665F5F9E29821EA800E8863A /* StoreButtonStackView.swift */,
			);
			name = Views;
			sourceTree = "<group>";
		};
		665F5FA929821EAC00E8863A /* ViewModels */ = {
			isa = PBXGroup;
			children = (
				665F5FAA29821EB900E8863A /* BooksViewModel.swift */,
			);
			name = ViewModels;
			sourceTree = "<group>";
		};
		665F5FAC29821EC300E8863A /* Scenes */ = {
			isa = PBXGroup;
			children = (
				665F5FAE29821ECD00E8863A /* BookDetailViewController.swift */,
				665F5FAD29821ECD00E8863A /* BooksViewController.swift */,
			);
			name = Scenes;
			sourceTree = "<group>";
		};
		665F5FB129821ED900E8863A /* Models */ = {
			isa = PBXGroup;
			children = (
				665F5FB229821EE300E8863A /* BooksModel.swift */,
			);
			name = Models;
			sourceTree = "<group>";
		};
		665F5FBD29827E0A00E8863A /* Screenshots */ = {
			isa = PBXGroup;
			children = (
				665F5FBB29827DED00E8863A /* screenshot.png */,
			);
			name = Screenshots;
			sourceTree = "<group>";
		};
/* End PBXGroup section */

/* Begin PBXNativeTarget section */
		665F5F752982172000E8863A /* NYBest2 */ = {
			isa = PBXNativeTarget;
			buildConfigurationList = 665F5F8A2982172000E8863A /* Build configuration list for PBXNativeTarget "NYBest2" */;
			buildPhases = (
				665F5F722982172000E8863A /* Sources */,
				665F5F732982172000E8863A /* Frameworks */,
				665F5F742982172000E8863A /* Resources */,
			);
			buildRules = (
			);
			dependencies = (
			);
			name = NYBest2;
			productName = NYBest2;
			productReference = 665F5F762982172000E8863A /* NYBest2.app */;
			productType = "com.apple.product-type.application";
		};
/* End PBXNativeTarget section */

/* Begin PBXProject section */
		665F5F6E2982172000E8863A /* Project object */ = {
			isa = PBXProject;
			attributes = {
				BuildIndependentTargetsInParallel = 1;
				LastSwiftUpdateCheck = 1420;
				LastUpgradeCheck = 1420;
				TargetAttributes = {
					665F5F752982172000E8863A = {
						CreatedOnToolsVersion = 14.2;
					};
				};
			};
			buildConfigurationList = 665F5F712982172000E8863A /* Build configuration list for PBXProject "NYBest2" */;
			compatibilityVersion = "Xcode 14.0";
			developmentRegion = en;
			hasScannedForEncodings = 0;
			knownRegions = (
				en,
				Base,
			);
			mainGroup = 665F5F6D2982172000E8863A;
			productRefGroup = 665F5F772982172000E8863A /* Products */;
			projectDirPath = "";
			projectRoot = "";
			targets = (
				665F5F752982172000E8863A /* NYBest2 */,
			);
		};
/* End PBXProject section */

/* Begin PBXResourcesBuildPhase section */
		665F5F742982172000E8863A /* Resources */ = {
			isa = PBXResourcesBuildPhase;
			buildActionMask = 2147483647;
			files = (
				665F5FB829827D9E00E8863A /* .gitignore in Resources */,
				665F5F862982172000E8863A /* LaunchScreen.storyboard in Resources */,
				665F5FBA29827DDC00E8863A /* README.md in Resources */,
				665F5F8F29821D5B00E8863A /* app.plist in Resources */,
				665F5FBC29827DED00E8863A /* screenshot.png in Resources */,
				665F5F832982172000E8863A /* Assets.xcassets in Resources */,
			);
			runOnlyForDeploymentPostprocessing = 0;
		};
/* End PBXResourcesBuildPhase section */

/* Begin PBXSourcesBuildPhase section */
		665F5F722982172000E8863A /* Sources */ = {
			isa = PBXSourcesBuildPhase;
			buildActionMask = 2147483647;
			files = (
				665F5FA329821EA900E8863A /* AttributeStackView.swift in Sources */,
				665F5F9A29821E7100E8863A /* NYTBooksAPI.swift in Sources */,
				665F5F9729821E2000E8863A /* ImageCache.swift in Sources */,
				665F5FAB29821EB900E8863A /* BooksViewModel.swift in Sources */,
				665F5FA429821EA900E8863A /* StoreButtonStackView.swift in Sources */,
				665F5FAF29821ECD00E8863A /* BooksViewController.swift in Sources */,
				665F5FB029821ECD00E8863A /* BookDetailViewController.swift in Sources */,
				665F5F9229821DAE00E8863A /* UIFont.swift in Sources */,
				665F5FA729821EA900E8863A /* GenreView.swift in Sources */,
				665F5F7A2982172000E8863A /* AppDelegate.swift in Sources */,
				665F5FB529821EEF00E8863A /* BookNavigationViewController.swift in Sources */,
				665F5FB329821EE300E8863A /* BooksModel.swift in Sources */,
				665F5F9629821E2000E8863A /* AsyncImageView.swift in Sources */,
				665F5FA529821EA900E8863A /* BookListHeaderView.swift in Sources */,
				665F5FA629821EA900E8863A /* BookView.swift in Sources */,
				665F5F7C2982172000E8863A /* SceneDelegate.swift in Sources */,
				665F5FA829821EA900E8863A /* RankView.swift in Sources */,
			);
			runOnlyForDeploymentPostprocessing = 0;
		};
/* End PBXSourcesBuildPhase section */

/* Begin PBXVariantGroup section */
		665F5F842982172000E8863A /* LaunchScreen.storyboard */ = {
			isa = PBXVariantGroup;
			children = (
				665F5F852982172000E8863A /* Base */,
			);
			name = LaunchScreen.storyboard;
			sourceTree = "<group>";
		};
/* End PBXVariantGroup section */

/* Begin XCBuildConfiguration section */
		665F5F882982172000E8863A /* Debug */ = {
			isa = XCBuildConfiguration;
			buildSettings = {
				ALWAYS_SEARCH_USER_PATHS = NO;
				CLANG_ANALYZER_NONNULL = YES;
				CLANG_ANALYZER_NUMBER_OBJECT_CONVERSION = YES_AGGRESSIVE;
				CLANG_CXX_LANGUAGE_STANDARD = "gnu++20";
				CLANG_ENABLE_MODULES = YES;
				CLANG_ENABLE_OBJC_ARC = YES;
				CLANG_ENABLE_OBJC_WEAK = YES;
				CLANG_WARN_BLOCK_CAPTURE_AUTORELEASING = YES;
				CLANG_WARN_BOOL_CONVERSION = YES;
				CLANG_WARN_COMMA = YES;
				CLANG_WARN_CONSTANT_CONVERSION = YES;
				CLANG_WARN_DEPRECATED_OBJC_IMPLEMENTATIONS = YES;
				CLANG_WARN_DIRECT_OBJC_ISA_USAGE = YES_ERROR;
				CLANG_WARN_DOCUMENTATION_COMMENTS = YES;
				CLANG_WARN_EMPTY_BODY = YES;
				CLANG_WARN_ENUM_CONVERSION = YES;
				CLANG_WARN_INFINITE_RECURSION = YES;
				CLANG_WARN_INT_CONVERSION = YES;
				CLANG_WARN_NON_LITERAL_NULL_CONVERSION = YES;
				CLANG_WARN_OBJC_IMPLICIT_RETAIN_SELF = YES;
				CLANG_WARN_OBJC_LITERAL_CONVERSION = YES;
				CLANG_WARN_OBJC_ROOT_CLASS = YES_ERROR;
				CLANG_WARN_QUOTED_INCLUDE_IN_FRAMEWORK_HEADER = YES;
				CLANG_WARN_RANGE_LOOP_ANALYSIS = YES;
				CLANG_WARN_STRICT_PROTOTYPES = YES;
				CLANG_WARN_SUSPICIOUS_MOVE = YES;
				CLANG_WARN_UNGUARDED_AVAILABILITY = YES_AGGRESSIVE;
				CLANG_WARN_UNREACHABLE_CODE = YES;
				CLANG_WARN__DUPLICATE_METHOD_MATCH = YES;
				COPY_PHASE_STRIP = NO;
				DEBUG_INFORMATION_FORMAT = dwarf;
				ENABLE_STRICT_OBJC_MSGSEND = YES;
				ENABLE_TESTABILITY = YES;
				GCC_C_LANGUAGE_STANDARD = gnu11;
				GCC_DYNAMIC_NO_PIC = NO;
				GCC_NO_COMMON_BLOCKS = YES;
				GCC_OPTIMIZATION_LEVEL = 0;
				GCC_PREPROCESSOR_DEFINITIONS = (
					"DEBUG=1",
					"$(inherited)",
				);
				GCC_WARN_64_TO_32_BIT_CONVERSION = YES;
				GCC_WARN_ABOUT_RETURN_TYPE = YES_ERROR;
				GCC_WARN_UNDECLARED_SELECTOR = YES;
				GCC_WARN_UNINITIALIZED_AUTOS = YES_AGGRESSIVE;
				GCC_WARN_UNUSED_FUNCTION = YES;
				GCC_WARN_UNUSED_VARIABLE = YES;
				IPHONEOS_DEPLOYMENT_TARGET = 16.2;
				MTL_ENABLE_DEBUG_INFO = INCLUDE_SOURCE;
				MTL_FAST_MATH = YES;
				ONLY_ACTIVE_ARCH = YES;
				SDKROOT = iphoneos;
				SWIFT_ACTIVE_COMPILATION_CONDITIONS = DEBUG;
				SWIFT_OPTIMIZATION_LEVEL = "-Onone";
			};
			name = Debug;
		};
		665F5F892982172000E8863A /* Release */ = {
			isa = XCBuildConfiguration;
			buildSettings = {
				ALWAYS_SEARCH_USER_PATHS = NO;
				CLANG_ANALYZER_NONNULL = YES;
				CLANG_ANALYZER_NUMBER_OBJECT_CONVERSION = YES_AGGRESSIVE;
				CLANG_CXX_LANGUAGE_STANDARD = "gnu++20";
				CLANG_ENABLE_MODULES = YES;
				CLANG_ENABLE_OBJC_ARC = YES;
				CLANG_ENABLE_OBJC_WEAK = YES;
				CLANG_WARN_BLOCK_CAPTURE_AUTORELEASING = YES;
				CLANG_WARN_BOOL_CONVERSION = YES;
				CLANG_WARN_COMMA = YES;
				CLANG_WARN_CONSTANT_CONVERSION = YES;
				CLANG_WARN_DEPRECATED_OBJC_IMPLEMENTATIONS = YES;
				CLANG_WARN_DIRECT_OBJC_ISA_USAGE = YES_ERROR;
				CLANG_WARN_DOCUMENTATION_COMMENTS = YES;
				CLANG_WARN_EMPTY_BODY = YES;
				CLANG_WARN_ENUM_CONVERSION = YES;
				CLANG_WARN_INFINITE_RECURSION = YES;
				CLANG_WARN_INT_CONVERSION = YES;
				CLANG_WARN_NON_LITERAL_NULL_CONVERSION = YES;
				CLANG_WARN_OBJC_IMPLICIT_RETAIN_SELF = YES;
				CLANG_WARN_OBJC_LITERAL_CONVERSION = YES;
				CLANG_WARN_OBJC_ROOT_CLASS = YES_ERROR;
				CLANG_WARN_QUOTED_INCLUDE_IN_FRAMEWORK_HEADER = YES;
				CLANG_WARN_RANGE_LOOP_ANALYSIS = YES;
				CLANG_WARN_STRICT_PROTOTYPES = YES;
				CLANG_WARN_SUSPICIOUS_MOVE = YES;
				CLANG_WARN_UNGUARDED_AVAILABILITY = YES_AGGRESSIVE;
				CLANG_WARN_UNREACHABLE_CODE = YES;
				CLANG_WARN__DUPLICATE_METHOD_MATCH = YES;
				COPY_PHASE_STRIP = NO;
				DEBUG_INFORMATION_FORMAT = "dwarf-with-dsym";
				ENABLE_NS_ASSERTIONS = NO;
				ENABLE_STRICT_OBJC_MSGSEND = YES;
				GCC_C_LANGUAGE_STANDARD = gnu11;
				GCC_NO_COMMON_BLOCKS = YES;
				GCC_WARN_64_TO_32_BIT_CONVERSION = YES;
				GCC_WARN_ABOUT_RETURN_TYPE = YES_ERROR;
				GCC_WARN_UNDECLARED_SELECTOR = YES;
				GCC_WARN_UNINITIALIZED_AUTOS = YES_AGGRESSIVE;
				GCC_WARN_UNUSED_FUNCTION = YES;
				GCC_WARN_UNUSED_VARIABLE = YES;
				IPHONEOS_DEPLOYMENT_TARGET = 16.2;
				MTL_ENABLE_DEBUG_INFO = NO;
				MTL_FAST_MATH = YES;
				SDKROOT = iphoneos;
				SWIFT_COMPILATION_MODE = wholemodule;
				SWIFT_OPTIMIZATION_LEVEL = "-O";
				VALIDATE_PRODUCT = YES;
			};
			name = Release;
		};
		665F5F8B2982172000E8863A /* Debug */ = {
			isa = XCBuildConfiguration;
			buildSettings = {
				ASSETCATALOG_COMPILER_APPICON_NAME = AppIcon;
				ASSETCATALOG_COMPILER_GLOBAL_ACCENT_COLOR_NAME = AccentColor;
				CODE_SIGN_STYLE = Automatic;
				CURRENT_PROJECT_VERSION = 1;
				DEVELOPMENT_TEAM = TJ4KC76BFC;
				GENERATE_INFOPLIST_FILE = YES;
				INFOPLIST_FILE = NYBest2/Info.plist;
				INFOPLIST_KEY_LSApplicationCategoryType = "public.app-category.books";
				INFOPLIST_KEY_UIApplicationSupportsIndirectInputEvents = YES;
				INFOPLIST_KEY_UILaunchStoryboardName = LaunchScreen;
				INFOPLIST_KEY_UIMainStoryboardFile = "";
				INFOPLIST_KEY_UISupportedInterfaceOrientations = "UIInterfaceOrientationLandscapeLeft UIInterfaceOrientationLandscapeRight UIInterfaceOrientationPortrait";
				LD_RUNPATH_SEARCH_PATHS = (
					"$(inherited)",
					"@executable_path/Frameworks",
				);
				MARKETING_VERSION = 1.0;
				PRODUCT_BUNDLE_IDENTIFIER = com.victorchoi..NYBest2;
				PRODUCT_NAME = "$(TARGET_NAME)";
				SUPPORTED_PLATFORMS = "iphoneos iphonesimulator";
				SUPPORTS_MACCATALYST = NO;
				SUPPORTS_MAC_DESIGNED_FOR_IPHONE_IPAD = NO;
				SWIFT_EMIT_LOC_STRINGS = YES;
				SWIFT_VERSION = 5.0;
				TARGETED_DEVICE_FAMILY = 1;
			};
			name = Debug;
		};
		665F5F8C2982172000E8863A /* Release */ = {
			isa = XCBuildConfiguration;
			buildSettings = {
				ASSETCATALOG_COMPILER_APPICON_NAME = AppIcon;
				ASSETCATALOG_COMPILER_GLOBAL_ACCENT_COLOR_NAME = AccentColor;
				CODE_SIGN_STYLE = Automatic;
				CURRENT_PROJECT_VERSION = 1;
				DEVELOPMENT_TEAM = TJ4KC76BFC;
				GENERATE_INFOPLIST_FILE = YES;
				INFOPLIST_FILE = NYBest2/Info.plist;
				INFOPLIST_KEY_LSApplicationCategoryType = "public.app-category.books";
				INFOPLIST_KEY_UIApplicationSupportsIndirectInputEvents = YES;
				INFOPLIST_KEY_UILaunchStoryboardName = LaunchScreen;
				INFOPLIST_KEY_UIMainStoryboardFile = "";
				INFOPLIST_KEY_UISupportedInterfaceOrientations = "UIInterfaceOrientationLandscapeLeft UIInterfaceOrientationLandscapeRight UIInterfaceOrientationPortrait";
				LD_RUNPATH_SEARCH_PATHS = (
					"$(inherited)",
					"@executable_path/Frameworks",
				);
				MARKETING_VERSION = 1.0;
				PRODUCT_BUNDLE_IDENTIFIER = com.victorchoi..NYBest2;
				PRODUCT_NAME = "$(TARGET_NAME)";
				SUPPORTED_PLATFORMS = "iphoneos iphonesimulator";
				SUPPORTS_MACCATALYST = NO;
				SUPPORTS_MAC_DESIGNED_FOR_IPHONE_IPAD = NO;
				SWIFT_EMIT_LOC_STRINGS = YES;
				SWIFT_VERSION = 5.0;
				TARGETED_DEVICE_FAMILY = 1;
			};
			name = Release;
		};
/* End XCBuildConfiguration section */

/* Begin XCConfigurationList section */
		665F5F712982172000E8863A /* Build configuration list for PBXProject "NYBest2" */ = {
			isa = XCConfigurationList;
			buildConfigurations = (
				665F5F882982172000E8863A /* Debug */,
				665F5F892982172000E8863A /* Release */,
			);
			defaultConfigurationIsVisible = 0;
			defaultConfigurationName = Release;
		};
		665F5F8A2982172000E8863A /* Build configuration list for PBXNativeTarget "NYBest2" */ = {
			isa = XCConfigurationList;
			buildConfigurations = (
				665F5F8B2982172000E8863A /* Debug */,
				665F5F8C2982172000E8863A /* Release */,
			);
			defaultConfigurationIsVisible = 0;
			defaultConfigurationName = Release;
		};
/* End XCConfigurationList section */
	};
	rootObject = 665F5F6E2982172000E8863A /* Project object */;
}
